Microsoft Visual Studio Solution File, Format Version 11.00
# Visual Studio 2008

Project("{6CEF84C6-8805-7E40-66A2-83768A445961}") = "SkeletonDisplay", "Assembly-CSharp.csproj", "{FBE12ECD-AC14-22C6-71CF-B21ADD597F97}"
EndProject
Global
	GlobalSection(SolutionConfigurationPlatforms) = preSolution
		Debug|Any CPU = Debug|Any CPU
		Release|Any CPU = Release|Any CPU
	EndGlobalSection
	GlobalSection(ProjectConfigurationPlatforms) = postSolution
		{FBE12ECD-AC14-22C6-71CF-B21ADD597F97}.Debug|Any CPU.ActiveCfg = Debug|Any CPU
		{FBE12ECD-AC14-22C6-71CF-B21ADD597F97}.Debug|Any CPU.Build.0 = Debug|Any CPU
		{FBE12ECD-AC14-22C6-71CF-B21ADD597F97}.Release|Any CPU.ActiveCfg = Release|Any CPU
		{FBE12ECD-AC14-22C6-71CF-B21ADD597F97}.Release|Any CPU.Build.0 = Release|Any CPU
	EndGlobalSection
	GlobalSection(SolutionProperties) = preSolution
		HideSolutionNode = FALSE
	EndGlobalSection
	GlobalSection(MonoDevelopProperties) = preSolution
		StartupItem = Assembly-CSharp.csproj
	EndGlobalSection
EndGlobal
